
Microsoft Visual Studio Solution File, Format Version 12.00
# Visual Studio Version 16
VisualStudioVersion = 16.0.31624.102
MinimumVisualStudioVersion = 10.0.40219.1
Project("{FAE04EC0-301F-11D3-BF4B-00C04F79EFBC}") = "Regex_HW_Lesson6", "Regex_HW_Lesson6\Regex_HW_Lesson6.csproj", "{54132693-D10B-4996-AE9E-32B72B359CB3}"
EndProject
Global
	GlobalSection(SolutionConfigurationPlatforms) = preSolution
		Debug|Any CPU = Debug|Any CPU
		Release|Any CPU = Release|Any CPU
	EndGlobalSection
	GlobalSection(ProjectConfigurationPlatforms) = postSolution
		{54132693-D10B-4996-AE9E-32B72B359CB3}.Debug|Any CPU.ActiveCfg = Debug|Any CPU
		{54132693-D10B-4996-AE9E-32B72B359CB3}.Debug|Any CPU.Build.0 = Debug|Any CPU
		{54132693-D10B-4996-AE9E-32B72B359CB3}.Release|Any CPU.ActiveCfg = Release|Any CPU
		{54132693-D10B-4996-AE9E-32B72B359CB3}.Release|Any CPU.Build.0 = Release|Any CPU
	EndGlobalSection
	GlobalSection(SolutionProperties) = preSolution
		HideSolutionNode = FALSE
	EndGlobalSection
	GlobalSection(ExtensibilityGlobals) = postSolution
		SolutionGuid = {693FDA88-BC28-4540-8E55-E105FB4F1437}
	EndGlobalSection
EndGlobal
